
Microsoft Visual Studio Solution File, Format Version 12.00
# Visual Studio Version 16
VisualStudioVersion = 16.0.33927.289
MinimumVisualStudioVersion = 10.0.40219.1
Project("{FAE04EC0-301F-11D3-BF4B-00C04F79EFBC}") = "aorcado", "aorcado\aorcado.csproj", "{558F4385-FFDA-4F45-B945-F565DAFAAD7E}"
EndProject
Global
	GlobalSection(SolutionConfigurationPlatforms) = preSolution
		Debug|Any CPU = Debug|Any CPU
		Release|Any CPU = Release|Any CPU
	EndGlobalSection
	GlobalSection(ProjectConfigurationPlatforms) = postSolution
		{558F4385-FFDA-4F45-B945-F565DAFAAD7E}.Debug|Any CPU.ActiveCfg = Debug|Any CPU
		{558F4385-FFDA-4F45-B945-F565DAFAAD7E}.Debug|Any CPU.Build.0 = Debug|Any CPU
		{558F4385-FFDA-4F45-B945-F565DAFAAD7E}.Release|Any CPU.ActiveCfg = Release|Any CPU
		{558F4385-FFDA-4F45-B945-F565DAFAAD7E}.Release|Any CPU.Build.0 = Release|Any CPU
	EndGlobalSection
	GlobalSection(SolutionProperties) = preSolution
		HideSolutionNode = FALSE
	EndGlobalSection
	GlobalSection(ExtensibilityGlobals) = postSolution
		SolutionGuid = {73DBDB3E-8F6C-4E7B-9AE9-E1D4753A2FEF}
	EndGlobalSection
EndGlobal
